
Microsoft Visual Studio Solution File, Format Version 12.00
# Visual Studio Version 16
VisualStudioVersion = 16.0.30114.105
MinimumVisualStudioVersion = 10.0.40219.1
Project("{FAE04EC0-301F-11D3-BF4B-00C04F79EFBC}") = "GbaMus", "GbaMus\GbaMus.csproj", "{BA269AB0-7289-4577-BA6E-ADA33311B471}"
EndProject
Project("{FAE04EC0-301F-11D3-BF4B-00C04F79EFBC}") = "GbaMus.Test", "GbaMus.Test\GbaMus.Test.csproj", "{333DCE60-E44A-4E36-939C-3E0F529650EF}"
EndProject
Project("{FAE04EC0-301F-11D3-BF4B-00C04F79EFBC}") = "SappyDetector", "SappyDetector\SappyDetector.csproj", "{8FCA0898-21EC-42E4-A078-25529DB81562}"
EndProject
Project("{FAE04EC0-301F-11D3-BF4B-00C04F79EFBC}") = "SoundFontRipper", "SoundFontRipper\SoundFontRipper.csproj", "{8EEB6F51-F9BB-4485-B5E4-691FB4E532EC}"
EndProject
Project("{FAE04EC0-301F-11D3-BF4B-00C04F79EFBC}") = "GbaMusRipper", "GbaMusRipper\GbaMusRipper.csproj", "{84DF2980-E894-4C06-8F0B-78C7E0F17571}"
EndProject
Project("{FAE04EC0-301F-11D3-BF4B-00C04F79EFBC}") = "SongRipper", "SongRipper\SongRipper.csproj", "{118E2D46-E6AB-448F-A62A-5D86BDB2C06C}"
EndProject
Global
	GlobalSection(SolutionConfigurationPlatforms) = preSolution
		Debug|Any CPU = Debug|Any CPU
		Release|Any CPU = Release|Any CPU
	EndGlobalSection
	GlobalSection(SolutionProperties) = preSolution
		HideSolutionNode = FALSE
	EndGlobalSection
	GlobalSection(ProjectConfigurationPlatforms) = postSolution
		{BA269AB0-7289-4577-BA6E-ADA33311B471}.Debug|Any CPU.ActiveCfg = Debug|Any CPU
		{BA269AB0-7289-4577-BA6E-ADA33311B471}.Debug|Any CPU.Build.0 = Debug|Any CPU
		{BA269AB0-7289-4577-BA6E-ADA33311B471}.Release|Any CPU.ActiveCfg = Release|Any CPU
		{BA269AB0-7289-4577-BA6E-ADA33311B471}.Release|Any CPU.Build.0 = Release|Any CPU
		{333DCE60-E44A-4E36-939C-3E0F529650EF}.Debug|Any CPU.ActiveCfg = Debug|Any CPU
		{333DCE60-E44A-4E36-939C-3E0F529650EF}.Debug|Any CPU.Build.0 = Debug|Any CPU
		{333DCE60-E44A-4E36-939C-3E0F529650EF}.Release|Any CPU.ActiveCfg = Release|Any CPU
		{333DCE60-E44A-4E36-939C-3E0F529650EF}.Release|Any CPU.Build.0 = Release|Any CPU
		{8FCA0898-21EC-42E4-A078-25529DB81562}.Debug|Any CPU.ActiveCfg = Debug|Any CPU
		{8FCA0898-21EC-42E4-A078-25529DB81562}.Debug|Any CPU.Build.0 = Debug|Any CPU
		{8FCA0898-21EC-42E4-A078-25529DB81562}.Release|Any CPU.ActiveCfg = Release|Any CPU
		{8FCA0898-21EC-42E4-A078-25529DB81562}.Release|Any CPU.Build.0 = Release|Any CPU
		{8EEB6F51-F9BB-4485-B5E4-691FB4E532EC}.Debug|Any CPU.ActiveCfg = Debug|Any CPU
		{8EEB6F51-F9BB-4485-B5E4-691FB4E532EC}.Debug|Any CPU.Build.0 = Debug|Any CPU
		{8EEB6F51-F9BB-4485-B5E4-691FB4E532EC}.Release|Any CPU.ActiveCfg = Release|Any CPU
		{8EEB6F51-F9BB-4485-B5E4-691FB4E532EC}.Release|Any CPU.Build.0 = Release|Any CPU
		{84DF2980-E894-4C06-8F0B-78C7E0F17571}.Debug|Any CPU.ActiveCfg = Debug|Any CPU
		{84DF2980-E894-4C06-8F0B-78C7E0F17571}.Debug|Any CPU.Build.0 = Debug|Any CPU
		{84DF2980-E894-4C06-8F0B-78C7E0F17571}.Release|Any CPU.ActiveCfg = Release|Any CPU
		{84DF2980-E894-4C06-8F0B-78C7E0F17571}.Release|Any CPU.Build.0 = Release|Any CPU
		{118E2D46-E6AB-448F-A62A-5D86BDB2C06C}.Debug|Any CPU.ActiveCfg = Debug|Any CPU
		{118E2D46-E6AB-448F-A62A-5D86BDB2C06C}.Debug|Any CPU.Build.0 = Debug|Any CPU
		{118E2D46-E6AB-448F-A62A-5D86BDB2C06C}.Release|Any CPU.ActiveCfg = Release|Any CPU
		{118E2D46-E6AB-448F-A62A-5D86BDB2C06C}.Release|Any CPU.Build.0 = Release|Any CPU
	EndGlobalSection
EndGlobal
